// !$*UTF8*$!
{
	archiveVersion = 1;
	classes = {
	};
	objectVersion = 63;
	objects = {

/* Begin PBXBuildFile section */
		045C73F9172BE4A4469F365D /* AgentControliOSApp.swift in Sources */ = {isa = PBXBuildFile; fileRef = 40DB3D6F959B5E454B26796E /* AgentControliOSApp.swift */; };
		05FD3EA0ACCE7A34F151E753 /* NewSessionSheet.swift in Sources */ = {isa = PBXBuildFile; fileRef = 498588C442FC56686EC592AB /* NewSessionSheet.swift */; };
		0B4EBC0DC6EC33E6AE2B1BE2 /* SidebarView.swift in Sources */ = {isa = PBXBuildFile; fileRef = 5617711C60400C17D30AE622 /* SidebarView.swift */; };
		0EFE2254B9F380BCC04425B5 /* TLSBypassDelegate.swift in Sources */ = {isa = PBXBuildFile; fileRef = 434276F44DC719D073E6E206 /* TLSBypassDelegate.swift */; };
		198F9FD19ED26ACE7E589E08 /* Models.swift in Sources */ = {isa = PBXBuildFile; fileRef = E2FEE33911E850D7C852B51B /* Models.swift */; };
		19E38316481DC4A1001D59CD /* TerminalContainerView.swift in Sources */ = {isa = PBXBuildFile; fileRef = 2347BF9D3A4C91D6EE8C5F21 /* TerminalContainerView.swift */; };
		1FF1FF373F9D297DED52E796 /* AgentControlMacApp.swift in Sources */ = {isa = PBXBuildFile; fileRef = 97818FC344B229D0B253975A /* AgentControlMacApp.swift */; };
		2412918F01066C84F39EADBE /* ContentView.swift in Sources */ = {isa = PBXBuildFile; fileRef = C456C9CDEF2B5A5EDAC5CD9A /* ContentView.swift */; };
		31404CFECFF8935FC95D0D0E /* KeychainHelper.swift in Sources */ = {isa = PBXBuildFile; fileRef = DB2082E81D8FD809BDCC3312 /* KeychainHelper.swift */; };
		36BB061ABE6B0CBC28BBEBBA /* SidebarView.swift in Sources */ = {isa = PBXBuildFile; fileRef = 5617711C60400C17D30AE622 /* SidebarView.swift */; };
		3C9B6EBF88890DE12EF02D26 /* APIClient.swift in Sources */ = {isa = PBXBuildFile; fileRef = B3A6F3F26E5EDE9E83B41D48 /* APIClient.swift */; };
		421A5D5B9F2A0C65B40A7FA8 /* AppState.swift in Sources */ = {isa = PBXBuildFile; fileRef = 15F46144B6075FB04E2F4251 /* AppState.swift */; };
		44D0C993023FFEC5D6B702A6 /* TerminalBridge.swift in Sources */ = {isa = PBXBuildFile; fileRef = 7DF0782871514CC559C44882 /* TerminalBridge.swift */; };
		50710736B0D4DC2A72B1C8C0 /* TLSBypassDelegate.swift in Sources */ = {isa = PBXBuildFile; fileRef = 434276F44DC719D073E6E206 /* TLSBypassDelegate.swift */; };
		5B671AD7B7835F534BED74CD /* ContentView.swift in Sources */ = {isa = PBXBuildFile; fileRef = C456C9CDEF2B5A5EDAC5CD9A /* ContentView.swift */; };
		5D062209002A62D86AAD4AB9 /* AppState.swift in Sources */ = {isa = PBXBuildFile; fileRef = 15F46144B6075FB04E2F4251 /* AppState.swift */; };
		6A63B776E84D78391CC40505 /* SwiftTerm in Frameworks */ = {isa = PBXBuildFile; productRef = 1E4E001EA91C71936B2C1024 /* SwiftTerm */; };
		853917761F3913DA796BDF89 /* WSClient.swift in Sources */ = {isa = PBXBuildFile; fileRef = 7DC35E57E51A916686CD5D39 /* WSClient.swift */; };
		855529DE7399346FB9EAE436 /* APIClient.swift in Sources */ = {isa = PBXBuildFile; fileRef = B3A6F3F26E5EDE9E83B41D48 /* APIClient.swift */; };
		86C302815D3E58033685F9AC /* ConnectionCheckResult.swift in Sources */ = {isa = PBXBuildFile; fileRef = 13F608C0DAF408891691B7C8 /* ConnectionCheckResult.swift */; };
		8A2E3E36D619AB5CD6E12150 /* KeychainHelper.swift in Sources */ = {isa = PBXBuildFile; fileRef = DB2082E81D8FD809BDCC3312 /* KeychainHelper.swift */; };
		935B156DE979C2AC5F24F4E4 /* ConnectionCheckResult.swift in Sources */ = {isa = PBXBuildFile; fileRef = 13F608C0DAF408891691B7C8 /* ConnectionCheckResult.swift */; };
		9A1C9FDD8B30774FA9EE9E98 /* Assets.xcassets in Resources */ = {isa = PBXBuildFile; fileRef = A22062D2F67D579B5DF30C5A /* Assets.xcassets */; };
		AF97474C636A41D8AA46A6C1 /* NewSessionSheet.swift in Sources */ = {isa = PBXBuildFile; fileRef = 498588C442FC56686EC592AB /* NewSessionSheet.swift */; };
		B41735C39EBC038D9B6D70A0 /* ApprovalPanelView.swift in Sources */ = {isa = PBXBuildFile; fileRef = 97694B4F401B9AB9E645D4FA /* ApprovalPanelView.swift */; };
		C2B37E92770B4123C26B605B /* SettingsView.swift in Sources */ = {isa = PBXBuildFile; fileRef = 63314535A5E8AF288110E6C6 /* SettingsView.swift */; };
		C8224567DFB09FCB311BFE2A /* WSClient.swift in Sources */ = {isa = PBXBuildFile; fileRef = 7DC35E57E51A916686CD5D39 /* WSClient.swift */; };
		D1AFD9402053BA416EC2426D /* SettingsView.swift in Sources */ = {isa = PBXBuildFile; fileRef = 869AFE15192A99280D8E6D67 /* SettingsView.swift */; };
		D69F6196DC87DF94AD6E3DA6 /* SwiftTerm in Frameworks */ = {isa = PBXBuildFile; productRef = 995E4A5220633997543EE8B8 /* SwiftTerm */; };
		D7F391064DB64DD4305BB5B0 /* TerminalContainerView.swift in Sources */ = {isa = PBXBuildFile; fileRef = 1CE26E925678E9BBEDE69198 /* TerminalContainerView.swift */; };
		E513C90E95A217825812B687 /* Assets.xcassets in Resources */ = {isa = PBXBuildFile; fileRef = A22062D2F67D579B5DF30C5A /* Assets.xcassets */; };
		E766471F57887D5753B890FE /* Models.swift in Sources */ = {isa = PBXBuildFile; fileRef = E2FEE33911E850D7C852B51B /* Models.swift */; };
		EEFCB23F0F58BFEFE8DD87D2 /* TerminalBridge.swift in Sources */ = {isa = PBXBuildFile; fileRef = 7DF0782871514CC559C44882 /* TerminalBridge.swift */; };
		F37A2057F347F693D3566E73 /* ApprovalPanelView.swift in Sources */ = {isa = PBXBuildFile; fileRef = 97694B4F401B9AB9E645D4FA /* ApprovalPanelView.swift */; };
/* End PBXBuildFile section */

/* Begin PBXFileReference section */
		13F608C0DAF408891691B7C8 /* ConnectionCheckResult.swift */ = {isa = PBXFileReference; lastKnownFileType = sourcecode.swift; path = ConnectionCheckResult.swift; sourceTree = "<group>"; };
		15F46144B6075FB04E2F4251 /* AppState.swift */ = {isa = PBXFileReference; lastKnownFileType = sourcecode.swift; path = AppState.swift; sourceTree = "<group>"; };
		1CE26E925678E9BBEDE69198 /* TerminalContainerView.swift */ = {isa = PBXFileReference; lastKnownFileType = sourcecode.swift; path = TerminalContainerView.swift; sourceTree = "<group>"; };
		2347BF9D3A4C91D6EE8C5F21 /* TerminalContainerView.swift */ = {isa = PBXFileReference; lastKnownFileType = sourcecode.swift; path = TerminalContainerView.swift; sourceTree = "<group>"; };
		40DB3D6F959B5E454B26796E /* AgentControliOSApp.swift */ = {isa = PBXFileReference; lastKnownFileType = sourcecode.swift; path = AgentControliOSApp.swift; sourceTree = "<group>"; };
		434276F44DC719D073E6E206 /* TLSBypassDelegate.swift */ = {isa = PBXFileReference; lastKnownFileType = sourcecode.swift; path = TLSBypassDelegate.swift; sourceTree = "<group>"; };
		498588C442FC56686EC592AB /* NewSessionSheet.swift */ = {isa = PBXFileReference; lastKnownFileType = sourcecode.swift; path = NewSessionSheet.swift; sourceTree = "<group>"; };
		546F855BD9D478EC64BDB31E /* AgentControliOS.app */ = {isa = PBXFileReference; explicitFileType = wrapper.application; includeInIndex = 0; path = AgentControliOS.app; sourceTree = BUILT_PRODUCTS_DIR; };
		5617711C60400C17D30AE622 /* SidebarView.swift */ = {isa = PBXFileReference; lastKnownFileType = sourcecode.swift; path = SidebarView.swift; sourceTree = "<group>"; };
		63314535A5E8AF288110E6C6 /* SettingsView.swift */ = {isa = PBXFileReference; lastKnownFileType = sourcecode.swift; path = SettingsView.swift; sourceTree = "<group>"; };
		7DC35E57E51A916686CD5D39 /* WSClient.swift */ = {isa = PBXFileReference; lastKnownFileType = sourcecode.swift; path = WSClient.swift; sourceTree = "<group>"; };
		7DF0782871514CC559C44882 /* TerminalBridge.swift */ = {isa = PBXFileReference; lastKnownFileType = sourcecode.swift; path = TerminalBridge.swift; sourceTree = "<group>"; };
		869AFE15192A99280D8E6D67 /* SettingsView.swift */ = {isa = PBXFileReference; lastKnownFileType = sourcecode.swift; path = SettingsView.swift; sourceTree = "<group>"; };
		97694B4F401B9AB9E645D4FA /* ApprovalPanelView.swift */ = {isa = PBXFileReference; lastKnownFileType = sourcecode.swift; path = ApprovalPanelView.swift; sourceTree = "<group>"; };
		97818FC344B229D0B253975A /* AgentControlMacApp.swift */ = {isa = PBXFileReference; lastKnownFileType = sourcecode.swift; path = AgentControlMacApp.swift; sourceTree = "<group>"; };
		A22062D2F67D579B5DF30C5A /* Assets.xcassets */ = {isa = PBXFileReference; lastKnownFileType = folder.assetcatalog; path = Assets.xcassets; sourceTree = "<group>"; };
		B3A6F3F26E5EDE9E83B41D48 /* APIClient.swift */ = {isa = PBXFileReference; lastKnownFileType = sourcecode.swift; path = APIClient.swift; sourceTree = "<group>"; };
		C456C9CDEF2B5A5EDAC5CD9A /* ContentView.swift */ = {isa = PBXFileReference; lastKnownFileType = sourcecode.swift; path = ContentView.swift; sourceTree = "<group>"; };
		CFC04902A2AD41876B57F68B /* AgentControlMac.app */ = {isa = PBXFileReference; explicitFileType = wrapper.application; includeInIndex = 0; path = AgentControlMac.app; sourceTree = BUILT_PRODUCTS_DIR; };
		DB2082E81D8FD809BDCC3312 /* KeychainHelper.swift */ = {isa = PBXFileReference; lastKnownFileType = sourcecode.swift; path = KeychainHelper.swift; sourceTree = "<group>"; };
		E2FEE33911E850D7C852B51B /* Models.swift */ = {isa = PBXFileReference; lastKnownFileType = sourcecode.swift; path = Models.swift; sourceTree = "<group>"; };
/* End PBXFileReference section */

/* Begin PBXFrameworksBuildPhase section */
		4F6F5BF3905D655D3063C3CB /* Frameworks */ = {
			isa = PBXFrameworksBuildPhase;
			buildActionMask = 2147483647;
			files = (
				6A63B776E84D78391CC40505 /* SwiftTerm in Frameworks */,
			);
			runOnlyForDeploymentPostprocessing = 0;
		};
		F874AFECCF8EDE8D4387437A /* Frameworks */ = {
			isa = PBXFrameworksBuildPhase;
			buildActionMask = 2147483647;
			files = (
				D69F6196DC87DF94AD6E3DA6 /* SwiftTerm in Frameworks */,
			);
			runOnlyForDeploymentPostprocessing = 0;
		};
/* End PBXFrameworksBuildPhase section */

/* Begin PBXGroup section */
		00E2359741C4DC87E0F2E461 /* Views */ = {
			isa = PBXGroup;
			children = (
				97694B4F401B9AB9E645D4FA /* ApprovalPanelView.swift */,
				13F608C0DAF408891691B7C8 /* ConnectionCheckResult.swift */,
				C456C9CDEF2B5A5EDAC5CD9A /* ContentView.swift */,
				498588C442FC56686EC592AB /* NewSessionSheet.swift */,
				5617711C60400C17D30AE622 /* SidebarView.swift */,
			);
			path = Views;
			sourceTree = "<group>";
		};
		03A1FC15F9005F37A1716390 /* Views */ = {
			isa = PBXGroup;
			children = (
				869AFE15192A99280D8E6D67 /* SettingsView.swift */,
				1CE26E925678E9BBEDE69198 /* TerminalContainerView.swift */,
			);
			path = Views;
			sourceTree = "<group>";
		};
		26E6BE58F866B96C7C19CDC5 = {
			isa = PBXGroup;
			children = (
				630C8F45A005F2532BCB449F /* iOS */,
				FD5091994E4E7ADCB790AAEA /* macOS */,
				4EC3ABB7A54A185AC8A795DB /* Resources */,
				DDB5008B2B25CDB11BC1B0F0 /* Shared */,
				490E3EE4186F3146630BE7E8 /* Products */,
			);
			sourceTree = "<group>";
		};
		490E3EE4186F3146630BE7E8 /* Products */ = {
			isa = PBXGroup;
			children = (
				546F855BD9D478EC64BDB31E /* AgentControliOS.app */,
				CFC04902A2AD41876B57F68B /* AgentControlMac.app */,
			);
			name = Products;
			sourceTree = "<group>";
		};
		4DD4F846ECD548338776381D /* Views */ = {
			isa = PBXGroup;
			children = (
				63314535A5E8AF288110E6C6 /* SettingsView.swift */,
				2347BF9D3A4C91D6EE8C5F21 /* TerminalContainerView.swift */,
			);
			path = Views;
			sourceTree = "<group>";
		};
		4EC3ABB7A54A185AC8A795DB /* Resources */ = {
			isa = PBXGroup;
			children = (
				A22062D2F67D579B5DF30C5A /* Assets.xcassets */,
			);
			path = Resources;
			sourceTree = "<group>";
		};
		58CF34106CE0C45CA1A0527B /* Core */ = {
			isa = PBXGroup;
			children = (
				B3A6F3F26E5EDE9E83B41D48 /* APIClient.swift */,
				15F46144B6075FB04E2F4251 /* AppState.swift */,
				DB2082E81D8FD809BDCC3312 /* KeychainHelper.swift */,
				E2FEE33911E850D7C852B51B /* Models.swift */,
				434276F44DC719D073E6E206 /* TLSBypassDelegate.swift */,
				7DC35E57E51A916686CD5D39 /* WSClient.swift */,
			);
			path = Core;
			sourceTree = "<group>";
		};
		630C8F45A005F2532BCB449F /* iOS */ = {
			isa = PBXGroup;
			children = (
				C91AFF17364D8105C27C9F55 /* App */,
				4DD4F846ECD548338776381D /* Views */,
			);
			name = iOS;
			path = Sources/iOS;
			sourceTree = "<group>";
		};
		C91AFF17364D8105C27C9F55 /* App */ = {
			isa = PBXGroup;
			children = (
				40DB3D6F959B5E454B26796E /* AgentControliOSApp.swift */,
			);
			path = App;
			sourceTree = "<group>";
		};
		DDB5008B2B25CDB11BC1B0F0 /* Shared */ = {
			isa = PBXGroup;
			children = (
				58CF34106CE0C45CA1A0527B /* Core */,
				00E2359741C4DC87E0F2E461 /* Views */,
				7DF0782871514CC559C44882 /* TerminalBridge.swift */,
			);
			name = Shared;
			path = Sources/Shared;
			sourceTree = "<group>";
		};
		E2189318B9B11D6BCA9286DD /* App */ = {
			isa = PBXGroup;
			children = (
				97818FC344B229D0B253975A /* AgentControlMacApp.swift */,
			);
			path = App;
			sourceTree = "<group>";
		};
		FD5091994E4E7ADCB790AAEA /* macOS */ = {
			isa = PBXGroup;
			children = (
				E2189318B9B11D6BCA9286DD /* App */,
				03A1FC15F9005F37A1716390 /* Views */,
			);
			name = macOS;
			path = Sources/macOS;
			sourceTree = "<group>";
		};
/* End PBXGroup section */

/* Begin PBXNativeTarget section */
		1E6131405F331DC4FA6E2F2B /* AgentControlMac */ = {
			isa = PBXNativeTarget;
			buildConfigurationList = 4CC86C7719B4CD445C5F82FD /* Build configuration list for PBXNativeTarget "AgentControlMac" */;
			buildPhases = (
				8E9E5A47BAB4E887F63D5537 /* Sources */,
				21BA90863FF93656FDD19DD6 /* Resources */,
				4F6F5BF3905D655D3063C3CB /* Frameworks */,
			);
			buildRules = (
			);
			dependencies = (
			);
			name = AgentControlMac;
			packageProductDependencies = (
				1E4E001EA91C71936B2C1024 /* SwiftTerm */,
			);
			productName = AgentControlMac;
			productReference = CFC04902A2AD41876B57F68B /* AgentControlMac.app */;
			productType = "com.apple.product-type.application";
		};
		7FA24AED34FDA3EB9B39302E /* AgentControliOS */ = {
			isa = PBXNativeTarget;
			buildConfigurationList = 9A2F1E35915528F58BF48898 /* Build configuration list for PBXNativeTarget "AgentControliOS" */;
			buildPhases = (
				D475803981133FCBAACCF8AE /* Sources */,
				06B5A794D803E2DF31F6CC49 /* Resources */,
				F874AFECCF8EDE8D4387437A /* Frameworks */,
			);
			buildRules = (
			);
			dependencies = (
			);
			name = AgentControliOS;
			packageProductDependencies = (
				995E4A5220633997543EE8B8 /* SwiftTerm */,
			);
			productName = AgentControliOS;
			productReference = 546F855BD9D478EC64BDB31E /* AgentControliOS.app */;
			productType = "com.apple.product-type.application";
		};
/* End PBXNativeTarget section */

/* Begin PBXProject section */
		F4BC4244305E59B88FBE1F55 /* Project object */ = {
			isa = PBXProject;
			attributes = {
				BuildIndependentTargetsInParallel = YES;
				LastUpgradeCheck = 1430;
			};
			buildConfigurationList = 42F036F8B220386CF19B2AA8 /* Build configuration list for PBXProject "AgentControl" */;
			compatibilityVersion = "Xcode 14.0";
			developmentRegion = en;
			hasScannedForEncodings = 0;
			knownRegions = (
				Base,
				en,
			);
			mainGroup = 26E6BE58F866B96C7C19CDC5;
			minimizedProjectReferenceProxies = 1;
			packageReferences = (
				7A2F90A699F533115180274D /* XCRemoteSwiftPackageReference "SwiftTerm" */,
			);
			projectDirPath = "";
			projectRoot = "";
			targets = (
				1E6131405F331DC4FA6E2F2B /* AgentControlMac */,
				7FA24AED34FDA3EB9B39302E /* AgentControliOS */,
			);
		};
/* End PBXProject section */

/* Begin PBXResourcesBuildPhase section */
		06B5A794D803E2DF31F6CC49 /* Resources */ = {
			isa = PBXResourcesBuildPhase;
			buildActionMask = 2147483647;
			files = (
				E513C90E95A217825812B687 /* Assets.xcassets in Resources */,
			);
			runOnlyForDeploymentPostprocessing = 0;
		};
		21BA90863FF93656FDD19DD6 /* Resources */ = {
			isa = PBXResourcesBuildPhase;
			buildActionMask = 2147483647;
			files = (
				9A1C9FDD8B30774FA9EE9E98 /* Assets.xcassets in Resources */,
			);
			runOnlyForDeploymentPostprocessing = 0;
		};
/* End PBXResourcesBuildPhase section */

/* Begin PBXSourcesBuildPhase section */
		8E9E5A47BAB4E887F63D5537 /* Sources */ = {
			isa = PBXSourcesBuildPhase;
			buildActionMask = 2147483647;
			files = (
				855529DE7399346FB9EAE436 /* APIClient.swift in Sources */,
				1FF1FF373F9D297DED52E796 /* AgentControlMacApp.swift in Sources */,
				421A5D5B9F2A0C65B40A7FA8 /* AppState.swift in Sources */,
				B41735C39EBC038D9B6D70A0 /* ApprovalPanelView.swift in Sources */,
				935B156DE979C2AC5F24F4E4 /* ConnectionCheckResult.swift in Sources */,
				5B671AD7B7835F534BED74CD /* ContentView.swift in Sources */,
				8A2E3E36D619AB5CD6E12150 /* KeychainHelper.swift in Sources */,
				E766471F57887D5753B890FE /* Models.swift in Sources */,
				AF97474C636A41D8AA46A6C1 /* NewSessionSheet.swift in Sources */,
				D1AFD9402053BA416EC2426D /* SettingsView.swift in Sources */,
				36BB061ABE6B0CBC28BBEBBA /* SidebarView.swift in Sources */,
				0EFE2254B9F380BCC04425B5 /* TLSBypassDelegate.swift in Sources */,
				EEFCB23F0F58BFEFE8DD87D2 /* TerminalBridge.swift in Sources */,
				D7F391064DB64DD4305BB5B0 /* TerminalContainerView.swift in Sources */,
				853917761F3913DA796BDF89 /* WSClient.swift in Sources */,
			);
			runOnlyForDeploymentPostprocessing = 0;
		};
		D475803981133FCBAACCF8AE /* Sources */ = {
			isa = PBXSourcesBuildPhase;
			buildActionMask = 2147483647;
			files = (
				3C9B6EBF88890DE12EF02D26 /* APIClient.swift in Sources */,
				045C73F9172BE4A4469F365D /* AgentControliOSApp.swift in Sources */,
				5D062209002A62D86AAD4AB9 /* AppState.swift in Sources */,
				F37A2057F347F693D3566E73 /* ApprovalPanelView.swift in Sources */,
				86C302815D3E58033685F9AC /* ConnectionCheckResult.swift in Sources */,
				2412918F01066C84F39EADBE /* ContentView.swift in Sources */,
				31404CFECFF8935FC95D0D0E /* KeychainHelper.swift in Sources */,
				198F9FD19ED26ACE7E589E08 /* Models.swift in Sources */,
				05FD3EA0ACCE7A34F151E753 /* NewSessionSheet.swift in Sources */,
				C2B37E92770B4123C26B605B /* SettingsView.swift in Sources */,
				0B4EBC0DC6EC33E6AE2B1BE2 /* SidebarView.swift in Sources */,
				50710736B0D4DC2A72B1C8C0 /* TLSBypassDelegate.swift in Sources */,
				44D0C993023FFEC5D6B702A6 /* TerminalBridge.swift in Sources */,
				19E38316481DC4A1001D59CD /* TerminalContainerView.swift in Sources */,
				C8224567DFB09FCB311BFE2A /* WSClient.swift in Sources */,
			);
			runOnlyForDeploymentPostprocessing = 0;
		};
/* End PBXSourcesBuildPhase section */

/* Begin XCBuildConfiguration section */
		145DE20BBB053390A785FA6A /* Debug */ = {
			isa = XCBuildConfiguration;
			buildSettings = {
				ASSETCATALOG_COMPILER_APPICON_NAME = AppIcon;
				CODE_SIGNING_ALLOWED = NO;
				CODE_SIGNING_REQUIRED = NO;
				CODE_SIGN_ENTITLEMENTS = Resources/AgentControlMac.entitlements;
				CODE_SIGN_IDENTITY = "-";
				COMBINE_HIDPI_IMAGES = YES;
				CURRENT_PROJECT_VERSION = 1;
				ENABLE_APP_SANDBOX = NO;
				INFOPLIST_FILE = Resources/Info.plist;
				LD_RUNPATH_SEARCH_PATHS = (
					"$(inherited)",
					"@executable_path/../Frameworks",
				);
				MACOSX_DEPLOYMENT_TARGET = 13.0;
				MARKETING_VERSION = 1.0.0;
				PRODUCT_BUNDLE_IDENTIFIER = com.agentcontrol.mac;
				SDKROOT = macosx;
			};
			name = Debug;
		};
		7C937E073C62106F1209A026 /* Release */ = {
			isa = XCBuildConfiguration;
			buildSettings = {
				ASSETCATALOG_COMPILER_APPICON_NAME = AppIcon;
				CODE_SIGN_IDENTITY = "iPhone Developer";
				CURRENT_PROJECT_VERSION = 1;
				DEVELOPMENT_TEAM = 6T3D7A4CXY;
				INFOPLIST_FILE = Resources/iOS/Info.plist;
				INFOPLIST_KEY_LSApplicationCategoryType = "public.app-category.developer-tools";
				IPHONEOS_DEPLOYMENT_TARGET = 16.0;
				LD_RUNPATH_SEARCH_PATHS = (
					"$(inherited)",
					"@executable_path/Frameworks",
				);
				MARKETING_VERSION = 1.0.0;
				PRODUCT_BUNDLE_IDENTIFIER = com.agentcontrol.ios;
				SDKROOT = iphoneos;
				SUPPORTS_MAC_DESIGNED_FOR_IPHONE_IPAD = YES;
				TARGETED_DEVICE_FAMILY = "1,2";
			};
			name = Release;
		};
		87A423D02958551DB80EBEEB /* Debug */ = {
			isa = XCBuildConfiguration;
			buildSettings = {
				ASSETCATALOG_COMPILER_APPICON_NAME = AppIcon;
				CODE_SIGN_IDENTITY = "iPhone Developer";
				CURRENT_PROJECT_VERSION = 1;
				DEVELOPMENT_TEAM = 6T3D7A4CXY;
				INFOPLIST_FILE = Resources/iOS/Info.plist;
				INFOPLIST_KEY_LSApplicationCategoryType = "public.app-category.developer-tools";
				IPHONEOS_DEPLOYMENT_TARGET = 16.0;
				LD_RUNPATH_SEARCH_PATHS = (
					"$(inherited)",
					"@executable_path/Frameworks",
				);
				MARKETING_VERSION = 1.0.0;
				PRODUCT_BUNDLE_IDENTIFIER = com.agentcontrol.ios;
				SDKROOT = iphoneos;
				SUPPORTS_MAC_DESIGNED_FOR_IPHONE_IPAD = YES;
				TARGETED_DEVICE_FAMILY = "1,2";
			};
			name = Debug;
		};
		9F6D4E050CEEB1B37B97EA52 /* Release */ = {
			isa = XCBuildConfiguration;
			buildSettings = {
				ALWAYS_SEARCH_USER_PATHS = NO;
				CLANG_ANALYZER_NONNULL = YES;
				CLANG_ANALYZER_NUMBER_OBJECT_CONVERSION = YES_AGGRESSIVE;
				CLANG_CXX_LANGUAGE_STANDARD = "gnu++14";
				CLANG_CXX_LIBRARY = "libc++";
				CLANG_ENABLE_MODULES = YES;
				CLANG_ENABLE_OBJC_ARC = YES;
				CLANG_ENABLE_OBJC_WEAK = YES;
				CLANG_WARN_BLOCK_CAPTURE_AUTORELEASING = YES;
				CLANG_WARN_BOOL_CONVERSION = YES;
				CLANG_WARN_COMMA = YES;
				CLANG_WARN_CONSTANT_CONVERSION = YES;
				CLANG_WARN_DEPRECATED_OBJC_IMPLEMENTATIONS = YES;
				CLANG_WARN_DIRECT_OBJC_ISA_USAGE = YES_ERROR;
				CLANG_WARN_DOCUMENTATION_COMMENTS = YES;
				CLANG_WARN_EMPTY_BODY = YES;
				CLANG_WARN_ENUM_CONVERSION = YES;
				CLANG_WARN_INFINITE_RECURSION = YES;
				CLANG_WARN_INT_CONVERSION = YES;
				CLANG_WARN_NON_LITERAL_NULL_CONVERSION = YES;
				CLANG_WARN_OBJC_IMPLICIT_RETAIN_SELF = YES;
				CLANG_WARN_OBJC_LITERAL_CONVERSION = YES;
				CLANG_WARN_OBJC_ROOT_CLASS = YES_ERROR;
				CLANG_WARN_QUOTED_INCLUDE_IN_FRAMEWORK_HEADER = YES;
				CLANG_WARN_RANGE_LOOP_ANALYSIS = YES;
				CLANG_WARN_STRICT_PROTOTYPES = YES;
				CLANG_WARN_SUSPICIOUS_MOVE = YES;
				CLANG_WARN_UNGUARDED_AVAILABILITY = YES_AGGRESSIVE;
				CLANG_WARN_UNREACHABLE_CODE = YES;
				CLANG_WARN__DUPLICATE_METHOD_MATCH = YES;
				COPY_PHASE_STRIP = NO;
				DEBUG_INFORMATION_FORMAT = "dwarf-with-dsym";
				ENABLE_NS_ASSERTIONS = NO;
				ENABLE_STRICT_OBJC_MSGSEND = YES;
				GCC_C_LANGUAGE_STANDARD = gnu11;
				GCC_NO_COMMON_BLOCKS = YES;
				GCC_WARN_64_TO_32_BIT_CONVERSION = YES;
				GCC_WARN_ABOUT_RETURN_TYPE = YES_ERROR;
				GCC_WARN_UNDECLARED_SELECTOR = YES;
				GCC_WARN_UNINITIALIZED_AUTOS = YES_AGGRESSIVE;
				GCC_WARN_UNUSED_FUNCTION = YES;
				GCC_WARN_UNUSED_VARIABLE = YES;
				IPHONEOS_DEPLOYMENT_TARGET = 16.0;
				MACOSX_DEPLOYMENT_TARGET = 13.0;
				MTL_ENABLE_DEBUG_INFO = NO;
				MTL_FAST_MATH = YES;
				PRODUCT_NAME = "$(TARGET_NAME)";
				SWIFT_COMPILATION_MODE = wholemodule;
				SWIFT_OPTIMIZATION_LEVEL = "-O";
				SWIFT_VERSION = 5.9;
			};
			name = Release;
		};
		B4F02C88C59A139EDFC7CFA2 /* Release */ = {
			isa = XCBuildConfiguration;
			buildSettings = {
				ASSETCATALOG_COMPILER_APPICON_NAME = AppIcon;
				CODE_SIGNING_ALLOWED = NO;
				CODE_SIGNING_REQUIRED = NO;
				CODE_SIGN_ENTITLEMENTS = Resources/AgentControlMac.entitlements;
				CODE_SIGN_IDENTITY = "-";
				COMBINE_HIDPI_IMAGES = YES;
				CURRENT_PROJECT_VERSION = 1;
				ENABLE_APP_SANDBOX = NO;
				INFOPLIST_FILE = Resources/Info.plist;
				LD_RUNPATH_SEARCH_PATHS = (
					"$(inherited)",
					"@executable_path/../Frameworks",
				);
				MACOSX_DEPLOYMENT_TARGET = 13.0;
				MARKETING_VERSION = 1.0.0;
				PRODUCT_BUNDLE_IDENTIFIER = com.agentcontrol.mac;
				SDKROOT = macosx;
			};
			name = Release;
		};
		C6CA65706AD40BFFAA26ADAD /* Debug */ = {
			isa = XCBuildConfiguration;
			buildSettings = {
				ALWAYS_SEARCH_USER_PATHS = NO;
				CLANG_ANALYZER_NONNULL = YES;
				CLANG_ANALYZER_NUMBER_OBJECT_CONVERSION = YES_AGGRESSIVE;
				CLANG_CXX_LANGUAGE_STANDARD = "gnu++14";
				CLANG_CXX_LIBRARY = "libc++";
				CLANG_ENABLE_MODULES = YES;
				CLANG_ENABLE_OBJC_ARC = YES;
				CLANG_ENABLE_OBJC_WEAK = YES;
				CLANG_WARN_BLOCK_CAPTURE_AUTORELEASING = YES;
				CLANG_WARN_BOOL_CONVERSION = YES;
				CLANG_WARN_COMMA = YES;
				CLANG_WARN_CONSTANT_CONVERSION = YES;
				CLANG_WARN_DEPRECATED_OBJC_IMPLEMENTATIONS = YES;
				CLANG_WARN_DIRECT_OBJC_ISA_USAGE = YES_ERROR;
				CLANG_WARN_DOCUMENTATION_COMMENTS = YES;
				CLANG_WARN_EMPTY_BODY = YES;
				CLANG_WARN_ENUM_CONVERSION = YES;
				CLANG_WARN_INFINITE_RECURSION = YES;
				CLANG_WARN_INT_CONVERSION = YES;
				CLANG_WARN_NON_LITERAL_NULL_CONVERSION = YES;
				CLANG_WARN_OBJC_IMPLICIT_RETAIN_SELF = YES;
				CLANG_WARN_OBJC_LITERAL_CONVERSION = YES;
				CLANG_WARN_OBJC_ROOT_CLASS = YES_ERROR;
				CLANG_WARN_QUOTED_INCLUDE_IN_FRAMEWORK_HEADER = YES;
				CLANG_WARN_RANGE_LOOP_ANALYSIS = YES;
				CLANG_WARN_STRICT_PROTOTYPES = YES;
				CLANG_WARN_SUSPICIOUS_MOVE = YES;
				CLANG_WARN_UNGUARDED_AVAILABILITY = YES_AGGRESSIVE;
				CLANG_WARN_UNREACHABLE_CODE = YES;
				CLANG_WARN__DUPLICATE_METHOD_MATCH = YES;
				COPY_PHASE_STRIP = NO;
				DEBUG_INFORMATION_FORMAT = dwarf;
				ENABLE_STRICT_OBJC_MSGSEND = YES;
				ENABLE_TESTABILITY = YES;
				GCC_C_LANGUAGE_STANDARD = gnu11;
				GCC_DYNAMIC_NO_PIC = NO;
				GCC_NO_COMMON_BLOCKS = YES;
				GCC_OPTIMIZATION_LEVEL = 0;
				GCC_PREPROCESSOR_DEFINITIONS = (
					"$(inherited)",
					"DEBUG=1",
				);
				GCC_WARN_64_TO_32_BIT_CONVERSION = YES;
				GCC_WARN_ABOUT_RETURN_TYPE = YES_ERROR;
				GCC_WARN_UNDECLARED_SELECTOR = YES;
				GCC_WARN_UNINITIALIZED_AUTOS = YES_AGGRESSIVE;
				GCC_WARN_UNUSED_FUNCTION = YES;
				GCC_WARN_UNUSED_VARIABLE = YES;
				IPHONEOS_DEPLOYMENT_TARGET = 16.0;
				MACOSX_DEPLOYMENT_TARGET = 13.0;
				MTL_ENABLE_DEBUG_INFO = INCLUDE_SOURCE;
				MTL_FAST_MATH = YES;
				ONLY_ACTIVE_ARCH = YES;
				PRODUCT_NAME = "$(TARGET_NAME)";
				SWIFT_ACTIVE_COMPILATION_CONDITIONS = DEBUG;
				SWIFT_OPTIMIZATION_LEVEL = "-Onone";
				SWIFT_VERSION = 5.9;
			};
			name = Debug;
		};
/* End XCBuildConfiguration section */

/* Begin XCConfigurationList section */
		42F036F8B220386CF19B2AA8 /* Build configuration list for PBXProject "AgentControl" */ = {
			isa = XCConfigurationList;
			buildConfigurations = (
				C6CA65706AD40BFFAA26ADAD /* Debug */,
				9F6D4E050CEEB1B37B97EA52 /* Release */,
			);
			defaultConfigurationIsVisible = 0;
			defaultConfigurationName = Debug;
		};
		4CC86C7719B4CD445C5F82FD /* Build configuration list for PBXNativeTarget "AgentControlMac" */ = {
			isa = XCConfigurationList;
			buildConfigurations = (
				145DE20BBB053390A785FA6A /* Debug */,
				B4F02C88C59A139EDFC7CFA2 /* Release */,
			);
			defaultConfigurationIsVisible = 0;
			defaultConfigurationName = Debug;
		};
		9A2F1E35915528F58BF48898 /* Build configuration list for PBXNativeTarget "AgentControliOS" */ = {
			isa = XCConfigurationList;
			buildConfigurations = (
				87A423D02958551DB80EBEEB /* Debug */,
				7C937E073C62106F1209A026 /* Release */,
			);
			defaultConfigurationIsVisible = 0;
			defaultConfigurationName = Debug;
		};
/* End XCConfigurationList section */

/* Begin XCRemoteSwiftPackageReference section */
		7A2F90A699F533115180274D /* XCRemoteSwiftPackageReference "SwiftTerm" */ = {
			isa = XCRemoteSwiftPackageReference;
			repositoryURL = "https://github.com/migueldeicaza/SwiftTerm";
			requirement = {
				branch = main;
				kind = branch;
			};
		};
/* End XCRemoteSwiftPackageReference section */

/* Begin XCSwiftPackageProductDependency section */
		1E4E001EA91C71936B2C1024 /* SwiftTerm */ = {
			isa = XCSwiftPackageProductDependency;
			package = 7A2F90A699F533115180274D /* XCRemoteSwiftPackageReference "SwiftTerm" */;
			productName = SwiftTerm;
		};
		995E4A5220633997543EE8B8 /* SwiftTerm */ = {
			isa = XCSwiftPackageProductDependency;
			package = 7A2F90A699F533115180274D /* XCRemoteSwiftPackageReference "SwiftTerm" */;
			productName = SwiftTerm;
		};
/* End XCSwiftPackageProductDependency section */
	};
	rootObject = F4BC4244305E59B88FBE1F55 /* Project object */;
}
